{
  "name": "remix-vue-app-template",
  "lockfileVersion": 2,
  "requires": true,
  "packages": {
    "": {
      "name": "remix-vue-app-template"
    },
    "../../packages/remix-vue-cli": {
      "version": "0.0.1",
      "extraneous": true,
      "dependencies": {
        "esbuild": "^0.14.7"
      },
      "bin": {
        "remix-vue-cli": "bin/cli.js"
      },
      "devDependencies": {
        "typescript": "^4.5.4"
      }
    }
  }
}
